# THIS IS AN AUTOGENERATED FILE. DO NOT EDIT THIS FILE DIRECTLY.
# yarn lockfile v1


"@babel/runtime@^7.10.5", "@babel/runtime@^7.7.2":
  version "7.10.5"
  resolved "https://registry.yarnpkg.com/@babel/runtime/-/runtime-7.10.5.tgz#303d8bd440ecd5a491eae6117fd3367698674c5c"
  integrity sha512-otddXKhdNn7d0ptoFRHtMLa8LqDxLYwTjB4nYgM1yy5N6gU/MUf8zqyyLltCH3yAVitBzmwK4us+DD0l/MauAg==
  dependencies:
    regenerator-runtime "^0.13.4"

"@tanem/svg-injector@^8.0.35":
  version "8.0.60"
  resolved "https://registry.yarnpkg.com/@tanem/svg-injector/-/svg-injector-8.0.60.tgz#6cf2cd3cdeb743ae3c2756485cc58b705c8e02c7"
  integrity sha512-OFUqD3/B7up1NPCoXxoMpNF70DD5u8WVBSqdzUjl9npOE3Lf6h7Ym/WHqwynD51vIO4L99tDsIrnRvyzHpwxTQ==
  dependencies:
    "@babel/runtime" "^7.10.5"

abs-svg-path@^0.1.1:
  version "0.1.1"
  resolved "https://registry.yarnpkg.com/abs-svg-path/-/abs-svg-path-0.1.1.tgz#df601c8e8d2ba10d4a76d625e236a9a39c2723bf"
  integrity sha1-32Acjo0roQ1KdtYl4japo5wnI78=

countup.js@^1.9.3:
  version "1.9.3"
  resolved "https://registry.yarnpkg.com/countup.js/-/countup.js-1.9.3.tgz#ce3e50cd7160441e478f07da31895edcc0f1c9dd"
  integrity sha1-zj5QzXFgRB5HjwfaMYle3MDxyd0=

is-svg-path@^1.0.1:
  version "1.0.2"
  resolved "https://registry.yarnpkg.com/is-svg-path/-/is-svg-path-1.0.2.tgz#77ab590c12b3d20348e5c7a13d0040c87784dda0"
  integrity sha1-d6tZDBKz0gNI5cehPQBAyHeE3aA=

"js-tokens@^3.0.0 || ^4.0.0":
  version "4.0.0"
  resolved "https://registry.yarnpkg.com/js-tokens/-/js-tokens-4.0.0.tgz#19203fb59991df98e3a287050d4647cdeaf32499"
  integrity sha512-RdJUflcE3cUzKiMqQgsCu06FPu9UdIJO0beYbPhHN4k6apgJtifcoCtT9bcxOpYBtpD2kCM6Sbzg4CausW/PKQ==

loose-envify@^1.0.0, loose-envify@^1.4.0:
  version "1.4.0"
  resolved "https://registry.yarnpkg.com/loose-envify/-/loose-envify-1.4.0.tgz#71ee51fa7be4caec1a63839f7e682d8132d30caf"
  integrity sha512-lyuxPGr/Wfhrlem2CL/UcnUc1zcqKAImBDzukY7Y5F/yQiNdko6+fRLevlw1HgMySw7f611UIY408EtxRSoK3Q==
  dependencies:
    js-tokens "^3.0.0 || ^4.0.0"

normalize-svg-path@^1.0.0:
  version "1.0.1"
  resolved "https://registry.yarnpkg.com/normalize-svg-path/-/normalize-svg-path-1.0.1.tgz#6f729ad6b70bb4ca4eff2fe4b107489efe1d56fe"
  integrity sha1-b3Ka1rcLtMpO/y/ksQdInv4dVv4=
  dependencies:
    svg-arc-to-cubic-bezier "^3.0.0"

object-assign@^4.1.1:
  version "4.1.1"
  resolved "https://registry.yarnpkg.com/object-assign/-/object-assign-4.1.1.tgz#2109adc7965887cfc05cbbd442cac8bfbb360863"
  integrity sha1-IQmtx5ZYh8/AXLvUQsrIv7s2CGM=

parse-svg-path@^0.1.2:
  version "0.1.2"
  resolved "https://registry.yarnpkg.com/parse-svg-path/-/parse-svg-path-0.1.2.tgz#7a7ec0d1eb06fa5325c7d3e009b859a09b5d49eb"
  integrity sha1-en7A0esG+lMlx9PgCbhZoJtdSes=

prop-types@^15.7.2:
  version "15.7.2"
  resolved "https://registry.yarnpkg.com/prop-types/-/prop-types-15.7.2.tgz#52c41e75b8c87e72b9d9360e0206b99dcbffa6c5"
  integrity sha512-8QQikdH7//R2vurIJSutZ1smHYTcLpRWEOlHnzcWHmBYrOGUysKwSsrC89BCiFj3CbrfJ/nXFdJepOVrY1GCHQ==
  dependencies:
    loose-envify "^1.4.0"
    object-assign "^4.1.1"
    react-is "^16.8.1"

react-countup@^4.3.3:
  version "4.3.3"
  resolved "https://registry.yarnpkg.com/react-countup/-/react-countup-4.3.3.tgz#143a8d854d47290b73d6915eac20a12d839153c2"
  integrity sha512-pWnxpwdPNRyJFha/YKKbyc4RLAw8PzmULdgCziGIgw6vxhT1VdccrvQgj38HBSoM2qF/MoLmn4M2klvDWVIdaw==
  dependencies:
    countup.js "^1.9.3"
    prop-types "^15.7.2"
    warning "^4.0.3"

react-is@^16.8.1:
  version "16.13.1"
  resolved "https://registry.yarnpkg.com/react-is/-/react-is-16.13.1.tgz#789729a4dc36de2999dc156dd6c1d9c18cea56a4"
  integrity sha512-24e6ynE2H+OKt4kqsOvNd8kBpV65zoxbA4BVsEOB3ARVWQki/DHzaUoC5KuON/BiccDaCCTZBuOcfZs70kR8bQ==

react-svg@^10.0.19:
  version "10.0.26"
  resolved "https://registry.yarnpkg.com/react-svg/-/react-svg-10.0.26.tgz#c81a30f9ac6e333c65ae5976d5fc72c8533e4de1"
  integrity sha512-gZMMk7NK9Dw5QnJ59ONnDV0rt26By0ZCWntPUSWMreEhIO3UB/FE/wv9K6Ooo08+ZOuembe5bxc9+uNYH4pSQQ==
  dependencies:
    "@babel/runtime" "^7.7.2"
    "@tanem/svg-injector" "^8.0.35"
    prop-types "^15.7.2"

regenerator-runtime@^0.13.4:
  version "0.13.7"
  resolved "https://registry.yarnpkg.com/regenerator-runtime/-/regenerator-runtime-0.13.7.tgz#cac2dacc8a1ea675feaabaeb8ae833898ae46f55"
  integrity sha512-a54FxoJDIr27pgf7IgeQGxmqUNYrcV338lf/6gH456HZ/PhX+5BcwHXG9ajESmwe6WRO0tAzRUrRmNONWgkrew==

social-media-icons-react@^1.0.10:
  version "1.0.10"
  resolved "https://registry.yarnpkg.com/social-media-icons-react/-/social-media-icons-react-1.0.10.tgz#ba28c554b77fc704060a96635ab023cf08b8f7c5"
  integrity sha512-BwZYD1AWTWsQPvhrgFZUVsG4OqIosdylqkH+vz1Im/cS0bRgaf9ekqwIyFeDV8Pv/C/tR+FV+2BVDzQXyMwlkQ==
  dependencies:
    react-svg "^10.0.19"
    svg-path-bounds "^1.0.1"

svg-arc-to-cubic-bezier@^3.0.0:
  version "3.2.0"
  resolved "https://registry.yarnpkg.com/svg-arc-to-cubic-bezier/-/svg-arc-to-cubic-bezier-3.2.0.tgz#390c450035ae1c4a0104d90650304c3bc814abe6"
  integrity sha512-djbJ/vZKZO+gPoSDThGNpKDO+o+bAeA4XQKovvkNCqnIS2t+S4qnLAGQhyyrulhCFRl1WWzAp0wUDV8PpTVU3g==

svg-path-bounds@^1.0.1:
  version "1.0.1"
  resolved "https://registry.yarnpkg.com/svg-path-bounds/-/svg-path-bounds-1.0.1.tgz#bf458b783726bf53431b4633f2792f60748d9f74"
  integrity sha1-v0WLeDcmv1NDG0Yz8nkvYHSNn3Q=
  dependencies:
    abs-svg-path "^0.1.1"
    is-svg-path "^1.0.1"
    normalize-svg-path "^1.0.0"
    parse-svg-path "^0.1.2"

warning@^4.0.3:
  version "4.0.3"
  resolved "https://registry.yarnpkg.com/warning/-/warning-4.0.3.tgz#16e9e077eb8a86d6af7d64aa1e05fd85b4678ca3"
  integrity sha512-rpJyN222KWIvHJ/F53XSZv0Zl/accqHR8et1kpaMTD/fLCRxtV8iX8czMzY7sVZupTI3zcUTg8eycS2kNF9l6w==
  dependencies:
    loose-envify "^1.0.0"
